
Microsoft Visual Studio Solution File, Format Version 12.00
# Visual Studio Version 17
VisualStudioVersion = 17.6.33829.357
MinimumVisualStudioVersion = 10.0.40219.1
Project("{FAE04EC0-301F-11D3-BF4B-00C04F79EFBC}") = "HR_Management_System", "HR_Management_System\HR_Management_System.csproj", "{7A245AA8-11EC-4CA5-96C7-9C7DD8BB5D93}"
EndProject
Project("{FAE04EC0-301F-11D3-BF4B-00C04F79EFBC}") = "HRLib", "HRLib\HRLib.csproj", "{CF34F46C-93AB-47C3-977F-F543EFFA0D9F}"
EndProject
Project("{FAE04EC0-301F-11D3-BF4B-00C04F79EFBC}") = "Taxation", "Taxation\Taxation.csproj", "{77E5A339-7EBA-48FF-8CEF-436A05EE6271}"
EndProject
Global
	GlobalSection(SolutionConfigurationPlatforms) = preSolution
		Debug|Any CPU = Debug|Any CPU
		Release|Any CPU = Release|Any CPU
	EndGlobalSection
	GlobalSection(ProjectConfigurationPlatforms) = postSolution
		{7A245AA8-11EC-4CA5-96C7-9C7DD8BB5D93}.Debug|Any CPU.ActiveCfg = Debug|Any CPU
		{7A245AA8-11EC-4CA5-96C7-9C7DD8BB5D93}.Debug|Any CPU.Build.0 = Debug|Any CPU
		{7A245AA8-11EC-4CA5-96C7-9C7DD8BB5D93}.Release|Any CPU.ActiveCfg = Release|Any CPU
		{7A245AA8-11EC-4CA5-96C7-9C7DD8BB5D93}.Release|Any CPU.Build.0 = Release|Any CPU
		{CF34F46C-93AB-47C3-977F-F543EFFA0D9F}.Debug|Any CPU.ActiveCfg = Debug|Any CPU
		{CF34F46C-93AB-47C3-977F-F543EFFA0D9F}.Debug|Any CPU.Build.0 = Debug|Any CPU
		{CF34F46C-93AB-47C3-977F-F543EFFA0D9F}.Release|Any CPU.ActiveCfg = Release|Any CPU
		{CF34F46C-93AB-47C3-977F-F543EFFA0D9F}.Release|Any CPU.Build.0 = Release|Any CPU
		{77E5A339-7EBA-48FF-8CEF-436A05EE6271}.Debug|Any CPU.ActiveCfg = Debug|Any CPU
		{77E5A339-7EBA-48FF-8CEF-436A05EE6271}.Debug|Any CPU.Build.0 = Debug|Any CPU
		{77E5A339-7EBA-48FF-8CEF-436A05EE6271}.Release|Any CPU.ActiveCfg = Release|Any CPU
		{77E5A339-7EBA-48FF-8CEF-436A05EE6271}.Release|Any CPU.Build.0 = Release|Any CPU
	EndGlobalSection
	GlobalSection(SolutionProperties) = preSolution
		HideSolutionNode = FALSE
	EndGlobalSection
	GlobalSection(ExtensibilityGlobals) = postSolution
		SolutionGuid = {CC4BF98F-5FA6-4488-A88A-6298B09E5B8A}
	EndGlobalSection
EndGlobal
